
Microsoft Visual Studio Solution File, Format Version 12.00
# Visual Studio Version 17
VisualStudioVersion = 17.8.34525.116
MinimumVisualStudioVersion = 10.0.40219.1
Project("{FAE04EC0-301F-11D3-BF4B-00C04F79EFBC}") = "ConsoleUI", "ConsoleUI\ConsoleUI.csproj", "{F39C0330-5808-4746-8EFF-758AC7E264F0}"
EndProject
Global
	GlobalSection(SolutionConfigurationPlatforms) = preSolution
		Debug|Any CPU = Debug|Any CPU
		Release|Any CPU = Release|Any CPU
	EndGlobalSection
	GlobalSection(ProjectConfigurationPlatforms) = postSolution
		{F39C0330-5808-4746-8EFF-758AC7E264F0}.Debug|Any CPU.ActiveCfg = Debug|Any CPU
		{F39C0330-5808-4746-8EFF-758AC7E264F0}.Debug|Any CPU.Build.0 = Debug|Any CPU
		{F39C0330-5808-4746-8EFF-758AC7E264F0}.Release|Any CPU.ActiveCfg = Release|Any CPU
		{F39C0330-5808-4746-8EFF-758AC7E264F0}.Release|Any CPU.Build.0 = Release|Any CPU
	EndGlobalSection
	GlobalSection(SolutionProperties) = preSolution
		HideSolutionNode = FALSE
	EndGlobalSection
	GlobalSection(ExtensibilityGlobals) = postSolution
		SolutionGuid = {FE349245-3723-41F5-A099-93046F836D7E}
	EndGlobalSection
EndGlobal
