
Microsoft Visual Studio Solution File, Format Version 12.00
# Visual Studio Version 17
VisualStudioVersion = 17.8.34525.116
MinimumVisualStudioVersion = 10.0.40219.1
Project("{FAE04EC0-301F-11D3-BF4B-00C04F79EFBC}") = "DelegatesIntro", "DelegatesIntro\DelegatesIntro.csproj", "{97BB0D92-89A3-46FA-85C7-44A53358D0E4}"
EndProject
Global
	GlobalSection(SolutionConfigurationPlatforms) = preSolution
		Debug|Any CPU = Debug|Any CPU
		Release|Any CPU = Release|Any CPU
	EndGlobalSection
	GlobalSection(ProjectConfigurationPlatforms) = postSolution
		{97BB0D92-89A3-46FA-85C7-44A53358D0E4}.Debug|Any CPU.ActiveCfg = Debug|Any CPU
		{97BB0D92-89A3-46FA-85C7-44A53358D0E4}.Debug|Any CPU.Build.0 = Debug|Any CPU
		{97BB0D92-89A3-46FA-85C7-44A53358D0E4}.Release|Any CPU.ActiveCfg = Release|Any CPU
		{97BB0D92-89A3-46FA-85C7-44A53358D0E4}.Release|Any CPU.Build.0 = Release|Any CPU
	EndGlobalSection
	GlobalSection(SolutionProperties) = preSolution
		HideSolutionNode = FALSE
	EndGlobalSection
	GlobalSection(ExtensibilityGlobals) = postSolution
		SolutionGuid = {61278F3A-716E-4594-9605-79DFB57E0EAB}
	EndGlobalSection
EndGlobal
