
Microsoft Visual Studio Solution File, Format Version 12.00
# Visual Studio Version 17
VisualStudioVersion = 17.8.34525.116
MinimumVisualStudioVersion = 10.0.40219.1
Project("{FAE04EC0-301F-11D3-BF4B-00C04F79EFBC}") = "WinFormsUI", "WinFormsUI\WinFormsUI.csproj", "{F71B05EE-F401-401D-820C-839F30558E75}"
EndProject
Project("{FAE04EC0-301F-11D3-BF4B-00C04F79EFBC}") = "EmployeeProcessingLibrary", "EmployeeProcessingLibrary\EmployeeProcessingLibrary.csproj", "{67815B60-C7ED-4C0F-9A61-B0C54BCA019E}"
EndProject
Global
	GlobalSection(SolutionConfigurationPlatforms) = preSolution
		Debug|Any CPU = Debug|Any CPU
		Release|Any CPU = Release|Any CPU
	EndGlobalSection
	GlobalSection(ProjectConfigurationPlatforms) = postSolution
		{F71B05EE-F401-401D-820C-839F30558E75}.Debug|Any CPU.ActiveCfg = Debug|Any CPU
		{F71B05EE-F401-401D-820C-839F30558E75}.Debug|Any CPU.Build.0 = Debug|Any CPU
		{F71B05EE-F401-401D-820C-839F30558E75}.Release|Any CPU.ActiveCfg = Release|Any CPU
		{F71B05EE-F401-401D-820C-839F30558E75}.Release|Any CPU.Build.0 = Release|Any CPU
		{67815B60-C7ED-4C0F-9A61-B0C54BCA019E}.Debug|Any CPU.ActiveCfg = Debug|Any CPU
		{67815B60-C7ED-4C0F-9A61-B0C54BCA019E}.Debug|Any CPU.Build.0 = Debug|Any CPU
		{67815B60-C7ED-4C0F-9A61-B0C54BCA019E}.Release|Any CPU.ActiveCfg = Release|Any CPU
		{67815B60-C7ED-4C0F-9A61-B0C54BCA019E}.Release|Any CPU.Build.0 = Release|Any CPU
	EndGlobalSection
	GlobalSection(SolutionProperties) = preSolution
		HideSolutionNode = FALSE
	EndGlobalSection
	GlobalSection(ExtensibilityGlobals) = postSolution
		SolutionGuid = {D79AAFB0-8833-42D4-98A1-3E2B7299073A}
	EndGlobalSection
EndGlobal
